// !$*UTF8*$!
{
	archiveVersion = 1;
	classes = {
	};
	objectVersion = 77;
	objects = {

/* Begin PBXBuildFile section */
		ED897B2F2D3FC22E00A91306 /* Preview Assets.xcassets in Resources */ = {isa = PBXBuildFile; fileRef = ED897B212D3FC22E00A91306 /* Preview Assets.xcassets */; };
		ED897B302D3FC22E00A91306 /* Assets.xcassets in Resources */ = {isa = PBXBuildFile; fileRef = ED897B252D3FC22E00A91306 /* Assets.xcassets */; };
		ED897B312D3FC22E00A91306 /* AddPersonView.swift in Sources */ = {isa = PBXBuildFile; fileRef = ED897B232D3FC22E00A91306 /* AddPersonView.swift */; };
		ED897B322D3FC22E00A91306 /* APIToken.swift in Sources */ = {isa = PBXBuildFile; fileRef = ED897B242D3FC22E00A91306 /* APIToken.swift */; };
		ED897B332D3FC22E00A91306 /* DietPreference.swift in Sources */ = {isa = PBXBuildFile; fileRef = ED897B262D3FC22E00A91306 /* DietPreference.swift */; };
		ED897B342D3FC22E00A91306 /* FamilyView.swift in Sources */ = {isa = PBXBuildFile; fileRef = ED897B272D3FC22E00A91306 /* FamilyView.swift */; };
		ED897B352D3FC22E00A91306 /* Menu.swift in Sources */ = {isa = PBXBuildFile; fileRef = ED897B282D3FC22E00A91306 /* Menu.swift */; };
		ED897B362D3FC22E00A91306 /* MenuAPI.swift in Sources */ = {isa = PBXBuildFile; fileRef = ED897B292D3FC22E00A91306 /* MenuAPI.swift */; };
		ED897B372D3FC22E00A91306 /* MenuCell.swift in Sources */ = {isa = PBXBuildFile; fileRef = ED897B2A2D3FC22E00A91306 /* MenuCell.swift */; };
		ED897B382D3FC22E00A91306 /* MyMenuApp.swift in Sources */ = {isa = PBXBuildFile; fileRef = ED897B2B2D3FC22E00A91306 /* MyMenuApp.swift */; };
		ED897B392D3FC22E00A91306 /* Person.swift in Sources */ = {isa = PBXBuildFile; fileRef = ED897B2C2D3FC22E00A91306 /* Person.swift */; };
		ED897B3A2D3FC22E00A91306 /* RecipeDetails.swift in Sources */ = {isa = PBXBuildFile; fileRef = ED897B2D2D3FC22E00A91306 /* RecipeDetails.swift */; };
		ED897B3E2D3FD80100A91306 /* ShoppingList.swift in Sources */ = {isa = PBXBuildFile; fileRef = ED897B3D2D3FD80100A91306 /* ShoppingList.swift */; };
/* End PBXBuildFile section */

/* Begin PBXFileReference section */
		ED897AEF2D3FA1F700A91306 /* MyMenu.app */ = {isa = PBXFileReference; explicitFileType = wrapper.application; includeInIndex = 0; path = MyMenu.app; sourceTree = BUILT_PRODUCTS_DIR; };
		ED897B212D3FC22E00A91306 /* Preview Assets.xcassets */ = {isa = PBXFileReference; lastKnownFileType = folder.assetcatalog; path = "Preview Assets.xcassets"; sourceTree = "<group>"; };
		ED897B232D3FC22E00A91306 /* AddPersonView.swift */ = {isa = PBXFileReference; lastKnownFileType = sourcecode.swift; path = AddPersonView.swift; sourceTree = "<group>"; };
		ED897B242D3FC22E00A91306 /* APIToken.swift */ = {isa = PBXFileReference; lastKnownFileType = sourcecode.swift; path = APIToken.swift; sourceTree = "<group>"; };
		ED897B252D3FC22E00A91306 /* Assets.xcassets */ = {isa = PBXFileReference; lastKnownFileType = folder.assetcatalog; path = Assets.xcassets; sourceTree = "<group>"; };
		ED897B262D3FC22E00A91306 /* DietPreference.swift */ = {isa = PBXFileReference; lastKnownFileType = sourcecode.swift; path = DietPreference.swift; sourceTree = "<group>"; };
		ED897B272D3FC22E00A91306 /* FamilyView.swift */ = {isa = PBXFileReference; lastKnownFileType = sourcecode.swift; path = FamilyView.swift; sourceTree = "<group>"; };
		ED897B282D3FC22E00A91306 /* Menu.swift */ = {isa = PBXFileReference; lastKnownFileType = sourcecode.swift; path = Menu.swift; sourceTree = "<group>"; };
		ED897B292D3FC22E00A91306 /* MenuAPI.swift */ = {isa = PBXFileReference; lastKnownFileType = sourcecode.swift; path = MenuAPI.swift; sourceTree = "<group>"; };
		ED897B2A2D3FC22E00A91306 /* MenuCell.swift */ = {isa = PBXFileReference; lastKnownFileType = sourcecode.swift; path = MenuCell.swift; sourceTree = "<group>"; };
		ED897B2B2D3FC22E00A91306 /* MyMenuApp.swift */ = {isa = PBXFileReference; lastKnownFileType = sourcecode.swift; path = MyMenuApp.swift; sourceTree = "<group>"; };
		ED897B2C2D3FC22E00A91306 /* Person.swift */ = {isa = PBXFileReference; lastKnownFileType = sourcecode.swift; path = Person.swift; sourceTree = "<group>"; };
		ED897B2D2D3FC22E00A91306 /* RecipeDetails.swift */ = {isa = PBXFileReference; lastKnownFileType = sourcecode.swift; path = RecipeDetails.swift; sourceTree = "<group>"; };
		ED897B3D2D3FD80100A91306 /* ShoppingList.swift */ = {isa = PBXFileReference; lastKnownFileType = sourcecode.swift; path = ShoppingList.swift; sourceTree = "<group>"; };
/* End PBXFileReference section */

/* Begin PBXFrameworksBuildPhase section */
		ED897AEC2D3FA1F700A91306 /* Frameworks */ = {
			isa = PBXFrameworksBuildPhase;
			buildActionMask = 2147483647;
			files = (
			);
			runOnlyForDeploymentPostprocessing = 0;
		};
/* End PBXFrameworksBuildPhase section */

/* Begin PBXGroup section */
		ED897AE62D3FA1F700A91306 = {
			isa = PBXGroup;
			children = (
				ED897B2E2D3FC22E00A91306 /* MyMenu */,
				ED897AF02D3FA1F700A91306 /* Products */,
			);
			sourceTree = "<group>";
		};
		ED897AF02D3FA1F700A91306 /* Products */ = {
			isa = PBXGroup;
			children = (
				ED897AEF2D3FA1F700A91306 /* MyMenu.app */,
			);
			name = Products;
			sourceTree = "<group>";
		};
		ED897B222D3FC22E00A91306 /* Preview Content */ = {
			isa = PBXGroup;
			children = (
				ED897B212D3FC22E00A91306 /* Preview Assets.xcassets */,
			);
			path = "Preview Content";
			sourceTree = "<group>";
		};
		ED897B2E2D3FC22E00A91306 /* MyMenu */ = {
			isa = PBXGroup;
			children = (
				ED897B222D3FC22E00A91306 /* Preview Content */,
				ED897B242D3FC22E00A91306 /* APIToken.swift */,
				ED897B2B2D3FC22E00A91306 /* MyMenuApp.swift */,
				ED897B252D3FC22E00A91306 /* Assets.xcassets */,
				ED897B3B2D3FC25D00A91306 /* Family */,
				ED897B3C2D3FC27000A91306 /* Menu */,
			);
			path = MyMenu;
			sourceTree = "<group>";
		};
		ED897B3B2D3FC25D00A91306 /* Family */ = {
			isa = PBXGroup;
			children = (
				ED897B272D3FC22E00A91306 /* FamilyView.swift */,
				ED897B232D3FC22E00A91306 /* AddPersonView.swift */,
				ED897B262D3FC22E00A91306 /* DietPreference.swift */,
				ED897B2C2D3FC22E00A91306 /* Person.swift */,
			);
			path = Family;
			sourceTree = "<group>";
		};
		ED897B3C2D3FC27000A91306 /* Menu */ = {
			isa = PBXGroup;
			children = (
				ED897B282D3FC22E00A91306 /* Menu.swift */,
				ED897B292D3FC22E00A91306 /* MenuAPI.swift */,
				ED897B2A2D3FC22E00A91306 /* MenuCell.swift */,
				ED897B2D2D3FC22E00A91306 /* RecipeDetails.swift */,
				ED897B3D2D3FD80100A91306 /* ShoppingList.swift */,
			);
			path = Menu;
			sourceTree = "<group>";
		};
/* End PBXGroup section */

/* Begin PBXNativeTarget section */
		ED897AEE2D3FA1F700A91306 /* MyMenu */ = {
			isa = PBXNativeTarget;
			buildConfigurationList = ED897AFD2D3FA1F800A91306 /* Build configuration list for PBXNativeTarget "MyMenu" */;
			buildPhases = (
				ED897AEB2D3FA1F700A91306 /* Sources */,
				ED897AEC2D3FA1F700A91306 /* Frameworks */,
				ED897AED2D3FA1F700A91306 /* Resources */,
			);
			buildRules = (
			);
			dependencies = (
			);
			name = MyMenu;
			packageProductDependencies = (
			);
			productName = MyMenu;
			productReference = ED897AEF2D3FA1F700A91306 /* MyMenu.app */;
			productType = "com.apple.product-type.application";
		};
/* End PBXNativeTarget section */

/* Begin PBXProject section */
		ED897AE72D3FA1F700A91306 /* Project object */ = {
			isa = PBXProject;
			attributes = {
				BuildIndependentTargetsInParallel = 1;
				LastSwiftUpdateCheck = 1620;
				LastUpgradeCheck = 1620;
				TargetAttributes = {
					ED897AEE2D3FA1F700A91306 = {
						CreatedOnToolsVersion = 16.2;
					};
				};
			};
			buildConfigurationList = ED897AEA2D3FA1F700A91306 /* Build configuration list for PBXProject "MyMenu" */;
			developmentRegion = en;
			hasScannedForEncodings = 0;
			knownRegions = (
				en,
				Base,
			);
			mainGroup = ED897AE62D3FA1F700A91306;
			minimizedProjectReferenceProxies = 1;
			preferredProjectObjectVersion = 77;
			productRefGroup = ED897AF02D3FA1F700A91306 /* Products */;
			projectDirPath = "";
			projectRoot = "";
			targets = (
				ED897AEE2D3FA1F700A91306 /* MyMenu */,
			);
		};
/* End PBXProject section */

/* Begin PBXResourcesBuildPhase section */
		ED897AED2D3FA1F700A91306 /* Resources */ = {
			isa = PBXResourcesBuildPhase;
			buildActionMask = 2147483647;
			files = (
				ED897B2F2D3FC22E00A91306 /* Preview Assets.xcassets in Resources */,
				ED897B302D3FC22E00A91306 /* Assets.xcassets in Resources */,
			);
			runOnlyForDeploymentPostprocessing = 0;
		};
/* End PBXResourcesBuildPhase section */

/* Begin PBXSourcesBuildPhase section */
		ED897AEB2D3FA1F700A91306 /* Sources */ = {
			isa = PBXSourcesBuildPhase;
			buildActionMask = 2147483647;
			files = (
				ED897B312D3FC22E00A91306 /* AddPersonView.swift in Sources */,
				ED897B322D3FC22E00A91306 /* APIToken.swift in Sources */,
				ED897B332D3FC22E00A91306 /* DietPreference.swift in Sources */,
				ED897B3E2D3FD80100A91306 /* ShoppingList.swift in Sources */,
				ED897B342D3FC22E00A91306 /* FamilyView.swift in Sources */,
				ED897B352D3FC22E00A91306 /* Menu.swift in Sources */,
				ED897B362D3FC22E00A91306 /* MenuAPI.swift in Sources */,
				ED897B372D3FC22E00A91306 /* MenuCell.swift in Sources */,
				ED897B382D3FC22E00A91306 /* MyMenuApp.swift in Sources */,
				ED897B392D3FC22E00A91306 /* Person.swift in Sources */,
				ED897B3A2D3FC22E00A91306 /* RecipeDetails.swift in Sources */,
			);
			runOnlyForDeploymentPostprocessing = 0;
		};
/* End PBXSourcesBuildPhase section */

/* Begin XCBuildConfiguration section */
		ED897AFB2D3FA1F800A91306 /* Debug */ = {
			isa = XCBuildConfiguration;
			buildSettings = {
				ALWAYS_SEARCH_USER_PATHS = NO;
				ASSETCATALOG_COMPILER_GENERATE_SWIFT_ASSET_SYMBOL_EXTENSIONS = YES;
				CLANG_ANALYZER_NONNULL = YES;
				CLANG_ANALYZER_NUMBER_OBJECT_CONVERSION = YES_AGGRESSIVE;
				CLANG_CXX_LANGUAGE_STANDARD = "gnu++20";
				CLANG_ENABLE_MODULES = YES;
				CLANG_ENABLE_OBJC_ARC = YES;
				CLANG_ENABLE_OBJC_WEAK = YES;
				CLANG_WARN_BLOCK_CAPTURE_AUTORELEASING = YES;
				CLANG_WARN_BOOL_CONVERSION = YES;
				CLANG_WARN_COMMA = YES;
				CLANG_WARN_CONSTANT_CONVERSION = YES;
				CLANG_WARN_DEPRECATED_OBJC_IMPLEMENTATIONS = YES;
				CLANG_WARN_DIRECT_OBJC_ISA_USAGE = YES_ERROR;
				CLANG_WARN_DOCUMENTATION_COMMENTS = YES;
				CLANG_WARN_EMPTY_BODY = YES;
				CLANG_WARN_ENUM_CONVERSION = YES;
				CLANG_WARN_INFINITE_RECURSION = YES;
				CLANG_WARN_INT_CONVERSION = YES;
				CLANG_WARN_NON_LITERAL_NULL_CONVERSION = YES;
				CLANG_WARN_OBJC_IMPLICIT_RETAIN_SELF = YES;
				CLANG_WARN_OBJC_LITERAL_CONVERSION = YES;
				CLANG_WARN_OBJC_ROOT_CLASS = YES_ERROR;
				CLANG_WARN_QUOTED_INCLUDE_IN_FRAMEWORK_HEADER = YES;
				CLANG_WARN_RANGE_LOOP_ANALYSIS = YES;
				CLANG_WARN_STRICT_PROTOTYPES = YES;
				CLANG_WARN_SUSPICIOUS_MOVE = YES;
				CLANG_WARN_UNGUARDED_AVAILABILITY = YES_AGGRESSIVE;
				CLANG_WARN_UNREACHABLE_CODE = YES;
				CLANG_WARN__DUPLICATE_METHOD_MATCH = YES;
				COPY_PHASE_STRIP = NO;
				DEBUG_INFORMATION_FORMAT = dwarf;
				ENABLE_STRICT_OBJC_MSGSEND = YES;
				ENABLE_TESTABILITY = YES;
				ENABLE_USER_SCRIPT_SANDBOXING = YES;
				GCC_C_LANGUAGE_STANDARD = gnu17;
				GCC_DYNAMIC_NO_PIC = NO;
				GCC_NO_COMMON_BLOCKS = YES;
				GCC_OPTIMIZATION_LEVEL = 0;
				GCC_PREPROCESSOR_DEFINITIONS = (
					"DEBUG=1",
					"$(inherited)",
				);
				GCC_WARN_64_TO_32_BIT_CONVERSION = YES;
				GCC_WARN_ABOUT_RETURN_TYPE = YES_ERROR;
				GCC_WARN_UNDECLARED_SELECTOR = YES;
				GCC_WARN_UNINITIALIZED_AUTOS = YES_AGGRESSIVE;
				GCC_WARN_UNUSED_FUNCTION = YES;
				GCC_WARN_UNUSED_VARIABLE = YES;
				IPHONEOS_DEPLOYMENT_TARGET = 18.2;
				LOCALIZATION_PREFERS_STRING_CATALOGS = YES;
				MTL_ENABLE_DEBUG_INFO = INCLUDE_SOURCE;
				MTL_FAST_MATH = YES;
				ONLY_ACTIVE_ARCH = YES;
				SDKROOT = iphoneos;
				SWIFT_ACTIVE_COMPILATION_CONDITIONS = "DEBUG $(inherited)";
				SWIFT_OPTIMIZATION_LEVEL = "-Onone";
			};
			name = Debug;
		};
		ED897AFC2D3FA1F800A91306 /* Release */ = {
			isa = XCBuildConfiguration;
			buildSettings = {
				ALWAYS_SEARCH_USER_PATHS = NO;
				ASSETCATALOG_COMPILER_GENERATE_SWIFT_ASSET_SYMBOL_EXTENSIONS = YES;
				CLANG_ANALYZER_NONNULL = YES;
				CLANG_ANALYZER_NUMBER_OBJECT_CONVERSION = YES_AGGRESSIVE;
				CLANG_CXX_LANGUAGE_STANDARD = "gnu++20";
				CLANG_ENABLE_MODULES = YES;
				CLANG_ENABLE_OBJC_ARC = YES;
				CLANG_ENABLE_OBJC_WEAK = YES;
				CLANG_WARN_BLOCK_CAPTURE_AUTORELEASING = YES;
				CLANG_WARN_BOOL_CONVERSION = YES;
				CLANG_WARN_COMMA = YES;
				CLANG_WARN_CONSTANT_CONVERSION = YES;
				CLANG_WARN_DEPRECATED_OBJC_IMPLEMENTATIONS = YES;
				CLANG_WARN_DIRECT_OBJC_ISA_USAGE = YES_ERROR;
				CLANG_WARN_DOCUMENTATION_COMMENTS = YES;
				CLANG_WARN_EMPTY_BODY = YES;
				CLANG_WARN_ENUM_CONVERSION = YES;
				CLANG_WARN_INFINITE_RECURSION = YES;
				CLANG_WARN_INT_CONVERSION = YES;
				CLANG_WARN_NON_LITERAL_NULL_CONVERSION = YES;
				CLANG_WARN_OBJC_IMPLICIT_RETAIN_SELF = YES;
				CLANG_WARN_OBJC_LITERAL_CONVERSION = YES;
				CLANG_WARN_OBJC_ROOT_CLASS = YES_ERROR;
				CLANG_WARN_QUOTED_INCLUDE_IN_FRAMEWORK_HEADER = YES;
				CLANG_WARN_RANGE_LOOP_ANALYSIS = YES;
				CLANG_WARN_STRICT_PROTOTYPES = YES;
				CLANG_WARN_SUSPICIOUS_MOVE = YES;
				CLANG_WARN_UNGUARDED_AVAILABILITY = YES_AGGRESSIVE;
				CLANG_WARN_UNREACHABLE_CODE = YES;
				CLANG_WARN__DUPLICATE_METHOD_MATCH = YES;
				COPY_PHASE_STRIP = NO;
				DEBUG_INFORMATION_FORMAT = "dwarf-with-dsym";
				ENABLE_NS_ASSERTIONS = NO;
				ENABLE_STRICT_OBJC_MSGSEND = YES;
				ENABLE_USER_SCRIPT_SANDBOXING = YES;
				GCC_C_LANGUAGE_STANDARD = gnu17;
				GCC_NO_COMMON_BLOCKS = YES;
				GCC_WARN_64_TO_32_BIT_CONVERSION = YES;
				GCC_WARN_ABOUT_RETURN_TYPE = YES_ERROR;
				GCC_WARN_UNDECLARED_SELECTOR = YES;
				GCC_WARN_UNINITIALIZED_AUTOS = YES_AGGRESSIVE;
				GCC_WARN_UNUSED_FUNCTION = YES;
				GCC_WARN_UNUSED_VARIABLE = YES;
				IPHONEOS_DEPLOYMENT_TARGET = 18.2;
				LOCALIZATION_PREFERS_STRING_CATALOGS = YES;
				MTL_ENABLE_DEBUG_INFO = NO;
				MTL_FAST_MATH = YES;
				SDKROOT = iphoneos;
				SWIFT_COMPILATION_MODE = wholemodule;
				VALIDATE_PRODUCT = YES;
			};
			name = Release;
		};
		ED897AFE2D3FA1F800A91306 /* Debug */ = {
			isa = XCBuildConfiguration;
			buildSettings = {
				ASSETCATALOG_COMPILER_APPICON_NAME = AppIcon;
				ASSETCATALOG_COMPILER_GLOBAL_ACCENT_COLOR_NAME = AccentColor;
				CODE_SIGN_STYLE = Automatic;
				CURRENT_PROJECT_VERSION = 1;
				DEVELOPMENT_ASSET_PATHS = "\"MyMenu/Preview Content\"";
				DEVELOPMENT_TEAM = 7HFRDKKUCK;
				ENABLE_PREVIEWS = YES;
				GENERATE_INFOPLIST_FILE = YES;
				INFOPLIST_KEY_UIApplicationSceneManifest_Generation = YES;
				INFOPLIST_KEY_UIApplicationSupportsIndirectInputEvents = YES;
				INFOPLIST_KEY_UILaunchScreen_Generation = YES;
				INFOPLIST_KEY_UISupportedInterfaceOrientations_iPad = "UIInterfaceOrientationPortrait UIInterfaceOrientationPortraitUpsideDown UIInterfaceOrientationLandscapeLeft UIInterfaceOrientationLandscapeRight";
				INFOPLIST_KEY_UISupportedInterfaceOrientations_iPhone = "UIInterfaceOrientationPortrait UIInterfaceOrientationLandscapeLeft UIInterfaceOrientationLandscapeRight";
				LD_RUNPATH_SEARCH_PATHS = (
					"$(inherited)",
					"@executable_path/Frameworks",
				);
				MARKETING_VERSION = 1.0;
				PRODUCT_BUNDLE_IDENTIFIER = com.kchromik.MyMenu;
				PRODUCT_NAME = "$(TARGET_NAME)";
				SWIFT_EMIT_LOC_STRINGS = YES;
				SWIFT_VERSION = 5.0;
				TARGETED_DEVICE_FAMILY = "1,2";
			};
			name = Debug;
		};
		ED897AFF2D3FA1F800A91306 /* Release */ = {
			isa = XCBuildConfiguration;
			buildSettings = {
				ASSETCATALOG_COMPILER_APPICON_NAME = AppIcon;
				ASSETCATALOG_COMPILER_GLOBAL_ACCENT_COLOR_NAME = AccentColor;
				CODE_SIGN_STYLE = Automatic;
				CURRENT_PROJECT_VERSION = 1;
				DEVELOPMENT_ASSET_PATHS = "\"MyMenu/Preview Content\"";
				DEVELOPMENT_TEAM = 7HFRDKKUCK;
				ENABLE_PREVIEWS = YES;
				GENERATE_INFOPLIST_FILE = YES;
				INFOPLIST_KEY_UIApplicationSceneManifest_Generation = YES;
				INFOPLIST_KEY_UIApplicationSupportsIndirectInputEvents = YES;
				INFOPLIST_KEY_UILaunchScreen_Generation = YES;
				INFOPLIST_KEY_UISupportedInterfaceOrientations_iPad = "UIInterfaceOrientationPortrait UIInterfaceOrientationPortraitUpsideDown UIInterfaceOrientationLandscapeLeft UIInterfaceOrientationLandscapeRight";
				INFOPLIST_KEY_UISupportedInterfaceOrientations_iPhone = "UIInterfaceOrientationPortrait UIInterfaceOrientationLandscapeLeft UIInterfaceOrientationLandscapeRight";
				LD_RUNPATH_SEARCH_PATHS = (
					"$(inherited)",
					"@executable_path/Frameworks",
				);
				MARKETING_VERSION = 1.0;
				PRODUCT_BUNDLE_IDENTIFIER = com.kchromik.MyMenu;
				PRODUCT_NAME = "$(TARGET_NAME)";
				SWIFT_EMIT_LOC_STRINGS = YES;
				SWIFT_VERSION = 5.0;
				TARGETED_DEVICE_FAMILY = "1,2";
			};
			name = Release;
		};
/* End XCBuildConfiguration section */

/* Begin XCConfigurationList section */
		ED897AEA2D3FA1F700A91306 /* Build configuration list for PBXProject "MyMenu" */ = {
			isa = XCConfigurationList;
			buildConfigurations = (
				ED897AFB2D3FA1F800A91306 /* Debug */,
				ED897AFC2D3FA1F800A91306 /* Release */,
			);
			defaultConfigurationIsVisible = 0;
			defaultConfigurationName = Release;
		};
		ED897AFD2D3FA1F800A91306 /* Build configuration list for PBXNativeTarget "MyMenu" */ = {
			isa = XCConfigurationList;
			buildConfigurations = (
				ED897AFE2D3FA1F800A91306 /* Debug */,
				ED897AFF2D3FA1F800A91306 /* Release */,
			);
			defaultConfigurationIsVisible = 0;
			defaultConfigurationName = Release;
		};
/* End XCConfigurationList section */
	};
	rootObject = ED897AE72D3FA1F700A91306 /* Project object */;
}
